
Microsoft Visual Studio Solution File, Format Version 12.00
# Visual Studio Version 17
VisualStudioVersion = 17.2.32616.157
MinimumVisualStudioVersion = 10.0.40219.1
Project("{9A19103F-16F7-4668-BE54-9A1E7A4F7556}") = "CallLog.UI", "CallLog.UI\CallLog.UI.csproj", "{1C4D28D9-760C-4206-87A6-1BEA82D98485}"
EndProject
Project("{9A19103F-16F7-4668-BE54-9A1E7A4F7556}") = "CallLog.LocalServer", "CallLog.LocalServer\CallLog.LocalServer.csproj", "{B489783D-65C5-4ECB-9F7A-09AC5E67D8A0}"
EndProject
Project("{2150E333-8FDC-42A3-9474-1A3956D46DE8}") = "Solution Items", "Solution Items", "{8FDAE96F-52D1-49CA-9EE1-88104D4D18E8}"
	ProjectSection(SolutionItems) = preProject
		.editorconfig = .editorconfig
		.gitignore = .gitignore
		LICENSE.txt = LICENSE.txt
		README.md = README.md
	EndProjectSection
EndProject
Project("{FAE04EC0-301F-11D3-BF4B-00C04F79EFBC}") = "CallLog.Shared", "CallLog.Shared\CallLog.Shared.csproj", "{3FB76BDB-2EDD-4F7C-BCF3-FB0270FDADC1}"
EndProject
Global
	GlobalSection(SolutionConfigurationPlatforms) = preSolution
		Debug|Any CPU = Debug|Any CPU
		Release|Any CPU = Release|Any CPU
	EndGlobalSection
	GlobalSection(ProjectConfigurationPlatforms) = postSolution
		{1C4D28D9-760C-4206-87A6-1BEA82D98485}.Debug|Any CPU.ActiveCfg = Debug|Any CPU
		{1C4D28D9-760C-4206-87A6-1BEA82D98485}.Debug|Any CPU.Build.0 = Debug|Any CPU
		{1C4D28D9-760C-4206-87A6-1BEA82D98485}.Release|Any CPU.ActiveCfg = Release|Any CPU
		{1C4D28D9-760C-4206-87A6-1BEA82D98485}.Release|Any CPU.Build.0 = Release|Any CPU
		{B489783D-65C5-4ECB-9F7A-09AC5E67D8A0}.Debug|Any CPU.ActiveCfg = Debug|Any CPU
		{B489783D-65C5-4ECB-9F7A-09AC5E67D8A0}.Debug|Any CPU.Build.0 = Debug|Any CPU
		{B489783D-65C5-4ECB-9F7A-09AC5E67D8A0}.Release|Any CPU.ActiveCfg = Release|Any CPU
		{B489783D-65C5-4ECB-9F7A-09AC5E67D8A0}.Release|Any CPU.Build.0 = Release|Any CPU
		{3FB76BDB-2EDD-4F7C-BCF3-FB0270FDADC1}.Debug|Any CPU.ActiveCfg = Debug|Any CPU
		{3FB76BDB-2EDD-4F7C-BCF3-FB0270FDADC1}.Debug|Any CPU.Build.0 = Debug|Any CPU
		{3FB76BDB-2EDD-4F7C-BCF3-FB0270FDADC1}.Release|Any CPU.ActiveCfg = Release|Any CPU
		{3FB76BDB-2EDD-4F7C-BCF3-FB0270FDADC1}.Release|Any CPU.Build.0 = Release|Any CPU
	EndGlobalSection
	GlobalSection(SolutionProperties) = preSolution
		HideSolutionNode = FALSE
	EndGlobalSection
	GlobalSection(ExtensibilityGlobals) = postSolution
		SolutionGuid = {0E07E703-B8CC-4852-BAA9-FCBF6135C383}
	EndGlobalSection
EndGlobal
